
Microsoft Visual Studio Solution File, Format Version 12.00
# Visual Studio 15
VisualStudioVersion = 15.0.27703.2000
MinimumVisualStudioVersion = 10.0.40219.1
Project("{FAE04EC0-301F-11D3-BF4B-00C04F79EFBC}") = "A1_Ashish", "WebApplication2\A1_Ashish.csproj", "{032D283A-22EB-4705-8B28-12FCA755EB8B}"
EndProject
Global
	GlobalSection(SolutionConfigurationPlatforms) = preSolution
		Debug|Any CPU = Debug|Any CPU
		Release|Any CPU = Release|Any CPU
	EndGlobalSection
	GlobalSection(ProjectConfigurationPlatforms) = postSolution
		{032D283A-22EB-4705-8B28-12FCA755EB8B}.Debug|Any CPU.ActiveCfg = Debug|Any CPU
		{032D283A-22EB-4705-8B28-12FCA755EB8B}.Debug|Any CPU.Build.0 = Debug|Any CPU
		{032D283A-22EB-4705-8B28-12FCA755EB8B}.Release|Any CPU.ActiveCfg = Release|Any CPU
		{032D283A-22EB-4705-8B28-12FCA755EB8B}.Release|Any CPU.Build.0 = Release|Any CPU
	EndGlobalSection
	GlobalSection(SolutionProperties) = preSolution
		HideSolutionNode = FALSE
	EndGlobalSection
	GlobalSection(ExtensibilityGlobals) = postSolution
		SolutionGuid = {88E33C94-E2C8-4FB7-A0C8-092A53AB343A}
	EndGlobalSection
EndGlobal
